
Microsoft Visual Studio Solution File, Format Version 12.00
# Visual Studio Version 17
VisualStudioVersion = 17.11.35327.3
MinimumVisualStudioVersion = 10.0.40219.1
Project("{9A19103F-16F7-4668-BE54-9A1E7A4F7556}") = "DiaSemana", "DiaSemana\DiaSemana.csproj", "{F6009AE0-B258-4F82-8F52-B41BD87835D1}"
EndProject
Project("{9A19103F-16F7-4668-BE54-9A1E7A4F7556}") = "PrimeiroPrograma", "PrimeiroPrograma\PrimeiroPrograma.csproj", "{C9A16F89-FE6F-4536-8CCE-9B4A9F7D06E3}"
EndProject
Project("{9A19103F-16F7-4668-BE54-9A1E7A4F7556}") = "MaiorNumero", "MaiorNumero\MaiorNumero.csproj", "{B9D3A4C2-B09E-4644-AD0B-3702260443E4}"
EndProject
Project("{9A19103F-16F7-4668-BE54-9A1E7A4F7556}") = "MaiorNumerosOutro", "MaiorNumerosOutro\MaiorNumerosOutro.csproj", "{4478412C-20F8-4F9B-956A-0962DFAB70AE}"
EndProject
Project("{9A19103F-16F7-4668-BE54-9A1E7A4F7556}") = "MaiorMenor", "MaiorMenor\MaiorMenor.csproj", "{6F460252-39D7-4599-87B7-429DDDBB61E7}"
EndProject
Project("{9A19103F-16F7-4668-BE54-9A1E7A4F7556}") = "RendaMes", "RendaMes\RendaMes.csproj", "{4210204A-75EC-4AA6-8201-A13A33F03617}"
EndProject
Project("{FAE04EC0-301F-11D3-BF4B-00C04F79EFBC}") = "NomePreco", "NomePreco\NomePreco.csproj", "{56F90A4E-7EC7-4E42-9658-80143448C05E}"
EndProject
Project("{FAE04EC0-301F-11D3-BF4B-00C04F79EFBC}") = "Calculadora", "Calculadora\Calculadora.csproj", "{9D4B2EF7-AAB9-456B-AE03-3E909BBAD1C6}"
EndProject
Project("{FAE04EC0-301F-11D3-BF4B-00C04F79EFBC}") = "NomeSenha", "NomeSenha\NomeSenha.csproj", "{B7139F60-7B53-4876-8FE3-763DC9FC82AB}"
EndProject
Project("{FAE04EC0-301F-11D3-BF4B-00C04F79EFBC}") = "GeradorTabuada", "GeradorTabuada\GeradorTabuada.csproj", "{F332EC66-931F-4711-B7BA-3E383D85C6E1}"
EndProject
Global
	GlobalSection(SolutionConfigurationPlatforms) = preSolution
		Debug|Any CPU = Debug|Any CPU
		Release|Any CPU = Release|Any CPU
	EndGlobalSection
	GlobalSection(ProjectConfigurationPlatforms) = postSolution
		{F6009AE0-B258-4F82-8F52-B41BD87835D1}.Debug|Any CPU.ActiveCfg = Debug|Any CPU
		{F6009AE0-B258-4F82-8F52-B41BD87835D1}.Debug|Any CPU.Build.0 = Debug|Any CPU
		{F6009AE0-B258-4F82-8F52-B41BD87835D1}.Release|Any CPU.ActiveCfg = Release|Any CPU
		{F6009AE0-B258-4F82-8F52-B41BD87835D1}.Release|Any CPU.Build.0 = Release|Any CPU
		{C9A16F89-FE6F-4536-8CCE-9B4A9F7D06E3}.Debug|Any CPU.ActiveCfg = Debug|Any CPU
		{C9A16F89-FE6F-4536-8CCE-9B4A9F7D06E3}.Debug|Any CPU.Build.0 = Debug|Any CPU
		{C9A16F89-FE6F-4536-8CCE-9B4A9F7D06E3}.Release|Any CPU.ActiveCfg = Release|Any CPU
		{C9A16F89-FE6F-4536-8CCE-9B4A9F7D06E3}.Release|Any CPU.Build.0 = Release|Any CPU
		{B9D3A4C2-B09E-4644-AD0B-3702260443E4}.Debug|Any CPU.ActiveCfg = Debug|Any CPU
		{B9D3A4C2-B09E-4644-AD0B-3702260443E4}.Debug|Any CPU.Build.0 = Debug|Any CPU
		{B9D3A4C2-B09E-4644-AD0B-3702260443E4}.Release|Any CPU.ActiveCfg = Release|Any CPU
		{B9D3A4C2-B09E-4644-AD0B-3702260443E4}.Release|Any CPU.Build.0 = Release|Any CPU
		{4478412C-20F8-4F9B-956A-0962DFAB70AE}.Debug|Any CPU.ActiveCfg = Debug|Any CPU
		{4478412C-20F8-4F9B-956A-0962DFAB70AE}.Debug|Any CPU.Build.0 = Debug|Any CPU
		{4478412C-20F8-4F9B-956A-0962DFAB70AE}.Release|Any CPU.ActiveCfg = Release|Any CPU
		{4478412C-20F8-4F9B-956A-0962DFAB70AE}.Release|Any CPU.Build.0 = Release|Any CPU
		{6F460252-39D7-4599-87B7-429DDDBB61E7}.Debug|Any CPU.ActiveCfg = Debug|Any CPU
		{6F460252-39D7-4599-87B7-429DDDBB61E7}.Debug|Any CPU.Build.0 = Debug|Any CPU
		{6F460252-39D7-4599-87B7-429DDDBB61E7}.Release|Any CPU.ActiveCfg = Release|Any CPU
		{6F460252-39D7-4599-87B7-429DDDBB61E7}.Release|Any CPU.Build.0 = Release|Any CPU
		{4210204A-75EC-4AA6-8201-A13A33F03617}.Debug|Any CPU.ActiveCfg = Debug|Any CPU
		{4210204A-75EC-4AA6-8201-A13A33F03617}.Debug|Any CPU.Build.0 = Debug|Any CPU
		{4210204A-75EC-4AA6-8201-A13A33F03617}.Release|Any CPU.ActiveCfg = Release|Any CPU
		{4210204A-75EC-4AA6-8201-A13A33F03617}.Release|Any CPU.Build.0 = Release|Any CPU
		{56F90A4E-7EC7-4E42-9658-80143448C05E}.Debug|Any CPU.ActiveCfg = Debug|Any CPU
		{56F90A4E-7EC7-4E42-9658-80143448C05E}.Debug|Any CPU.Build.0 = Debug|Any CPU
		{56F90A4E-7EC7-4E42-9658-80143448C05E}.Release|Any CPU.ActiveCfg = Release|Any CPU
		{56F90A4E-7EC7-4E42-9658-80143448C05E}.Release|Any CPU.Build.0 = Release|Any CPU
		{9D4B2EF7-AAB9-456B-AE03-3E909BBAD1C6}.Debug|Any CPU.ActiveCfg = Debug|Any CPU
		{9D4B2EF7-AAB9-456B-AE03-3E909BBAD1C6}.Debug|Any CPU.Build.0 = Debug|Any CPU
		{9D4B2EF7-AAB9-456B-AE03-3E909BBAD1C6}.Release|Any CPU.ActiveCfg = Release|Any CPU
		{9D4B2EF7-AAB9-456B-AE03-3E909BBAD1C6}.Release|Any CPU.Build.0 = Release|Any CPU
		{B7139F60-7B53-4876-8FE3-763DC9FC82AB}.Debug|Any CPU.ActiveCfg = Debug|Any CPU
		{B7139F60-7B53-4876-8FE3-763DC9FC82AB}.Debug|Any CPU.Build.0 = Debug|Any CPU
		{B7139F60-7B53-4876-8FE3-763DC9FC82AB}.Release|Any CPU.ActiveCfg = Release|Any CPU
		{B7139F60-7B53-4876-8FE3-763DC9FC82AB}.Release|Any CPU.Build.0 = Release|Any CPU
		{F332EC66-931F-4711-B7BA-3E383D85C6E1}.Debug|Any CPU.ActiveCfg = Debug|Any CPU
		{F332EC66-931F-4711-B7BA-3E383D85C6E1}.Debug|Any CPU.Build.0 = Debug|Any CPU
		{F332EC66-931F-4711-B7BA-3E383D85C6E1}.Release|Any CPU.ActiveCfg = Release|Any CPU
		{F332EC66-931F-4711-B7BA-3E383D85C6E1}.Release|Any CPU.Build.0 = Release|Any CPU
	EndGlobalSection
	GlobalSection(SolutionProperties) = preSolution
		HideSolutionNode = FALSE
	EndGlobalSection
	GlobalSection(ExtensibilityGlobals) = postSolution
		SolutionGuid = {63FABB5A-64CF-4100-BB0B-78B8F341042E}
	EndGlobalSection
EndGlobal
